// !$*UTF8*$!
{
	archiveVersion = 1;
	classes = {
	};
	objectVersion = 46;
	objects = {

/* Begin PBXBuildFile section */
		8305A1701C022A7A00BD6500 /* main.m in Sources */ = {isa = PBXBuildFile; fileRef = 8305A16F1C022A7A00BD6500 /* main.m */; };
		8305A1731C022A7A00BD6500 /* AppDelegate.m in Sources */ = {isa = PBXBuildFile; fileRef = 8305A1721C022A7A00BD6500 /* AppDelegate.m */; };
		8305A1761C022A7A00BD6500 /* ViewController.m in Sources */ = {isa = PBXBuildFile; fileRef = 8305A1751C022A7A00BD6500 /* ViewController.m */; };
		8305A1791C022A7A00BD6500 /* Main.storyboard in Resources */ = {isa = PBXBuildFile; fileRef = 8305A1771C022A7A00BD6500 /* Main.storyboard */; };
		8305A1871C022B9000BD6500 /* WTTemplateAmitVC.m in Sources */ = {isa = PBXBuildFile; fileRef = 8305A1861C022B9000BD6500 /* WTTemplateAmitVC.m */; };
		8305A18C1C022BD200BD6500 /* WTTemplateMariaVC.m in Sources */ = {isa = PBXBuildFile; fileRef = 8305A18B1C022BD200BD6500 /* WTTemplateMariaVC.m */; };
		8305A1911C022BFA00BD6500 /* WTTemplateDane.m in Sources */ = {isa = PBXBuildFile; fileRef = 8305A1901C022BFA00BD6500 /* WTTemplateDane.m */; };
		8305A1941C022C2F00BD6500 /* WTTemplateSophieVC.m in Sources */ = {isa = PBXBuildFile; fileRef = 8305A1931C022C2F00BD6500 /* WTTemplateSophieVC.m */; };
		83963E931C0265F000183192 /* NSCache+sharedCache.m in Sources */ = {isa = PBXBuildFile; fileRef = 83963E901C0265F000183192 /* NSCache+sharedCache.m */; };
		83963E941C0265F000183192 /* WTTemplateAmit.storyboard in Resources */ = {isa = PBXBuildFile; fileRef = 83963E911C0265F000183192 /* WTTemplateAmit.storyboard */; };
		83963E951C0265F000183192 /* WTTemplateDaneTwo.storyboard in Resources */ = {isa = PBXBuildFile; fileRef = 83963E921C0265F000183192 /* WTTemplateDaneTwo.storyboard */; };
		83963E981C02660800183192 /* UIImageView+asyncImageLoader.m in Sources */ = {isa = PBXBuildFile; fileRef = 83963E971C02660800183192 /* UIImageView+asyncImageLoader.m */; };
		83963E9D1C02812500183192 /* Assets.xcassets in Resources */ = {isa = PBXBuildFile; fileRef = 83963E9C1C02812500183192 /* Assets.xcassets */; };
		83963E9F1C02879F00183192 /* food_one.png in Resources */ = {isa = PBXBuildFile; fileRef = 83963E9E1C02879F00183192 /* food_one.png */; };
		BE0F283C1C025CB900D59E02 /* WordPressApi.m in Sources */ = {isa = PBXBuildFile; fileRef = BE0F28241C025CB900D59E02 /* WordPressApi.m */; };
		BE0F283D1C025CB900D59E02 /* WordPressRestApi.m in Sources */ = {isa = PBXBuildFile; fileRef = BE0F28271C025CB900D59E02 /* WordPressRestApi.m */; };
		BE0F283E1C025CB900D59E02 /* WordPressRestApiJSONRequestOperation.m in Sources */ = {isa = PBXBuildFile; fileRef = BE0F28291C025CB900D59E02 /* WordPressRestApiJSONRequestOperation.m */; };
		BE0F283F1C025CB900D59E02 /* WordPressRestApiJSONRequestOperationManager.m in Sources */ = {isa = PBXBuildFile; fileRef = BE0F282B1C025CB900D59E02 /* WordPressRestApiJSONRequestOperationManager.m */; };
		BE0F28401C025CB900D59E02 /* WordPressXMLRPCApi.m in Sources */ = {isa = PBXBuildFile; fileRef = BE0F282D1C025CB900D59E02 /* WordPressXMLRPCApi.m */; };
		BE0F28431C025CB900D59E02 /* WPHTTPRequestOperation.m in Sources */ = {isa = PBXBuildFile; fileRef = BE0F28331C025CB900D59E02 /* WPHTTPRequestOperation.m */; };
		BE0F28441C025CB900D59E02 /* WPRSDParser.m in Sources */ = {isa = PBXBuildFile; fileRef = BE0F28351C025CB900D59E02 /* WPRSDParser.m */; };
		BE0F28451C025CB900D59E02 /* WPXMLRPCClient.m in Sources */ = {isa = PBXBuildFile; fileRef = BE0F28371C025CB900D59E02 /* WPXMLRPCClient.m */; };
		BE0F28461C025CB900D59E02 /* WPXMLRPCRequest.m in Sources */ = {isa = PBXBuildFile; fileRef = BE0F28391C025CB900D59E02 /* WPXMLRPCRequest.m */; };
		BE0F28471C025CB900D59E02 /* WPXMLRPCRequestOperation.m in Sources */ = {isa = PBXBuildFile; fileRef = BE0F283B1C025CB900D59E02 /* WPXMLRPCRequestOperation.m */; };
		BE75B47F1C02582C00DF5340 /* libiconv.tbd in Frameworks */ = {isa = PBXBuildFile; fileRef = BE75B47E1C02582C00DF5340 /* libiconv.tbd */; };
		BEBB79671C02516F001E3EB8 /* WPBase64Utils.m in Sources */ = {isa = PBXBuildFile; fileRef = BEBB795B1C02516F001E3EB8 /* WPBase64Utils.m */; };
		BEBB79681C02516F001E3EB8 /* WPStringUtils.m in Sources */ = {isa = PBXBuildFile; fileRef = BEBB795D1C02516F001E3EB8 /* WPStringUtils.m */; };
		BEBB79691C02516F001E3EB8 /* WPXMLRPCDataCleaner.m in Sources */ = {isa = PBXBuildFile; fileRef = BEBB79601C02516F001E3EB8 /* WPXMLRPCDataCleaner.m */; };
		BEBB796A1C02516F001E3EB8 /* WPXMLRPCDecoder.m in Sources */ = {isa = PBXBuildFile; fileRef = BEBB79621C02516F001E3EB8 /* WPXMLRPCDecoder.m */; };
		BEBB796B1C02516F001E3EB8 /* WPXMLRPCDecoderDelegate.m in Sources */ = {isa = PBXBuildFile; fileRef = BEBB79641C02516F001E3EB8 /* WPXMLRPCDecoderDelegate.m */; };
		BEBB796C1C02516F001E3EB8 /* WPXMLRPCEncoder.m in Sources */ = {isa = PBXBuildFile; fileRef = BEBB79661C02516F001E3EB8 /* WPXMLRPCEncoder.m */; };
		BED1E9CE1C02506000802A15 /* AFHTTPRequestOperation.m in Sources */ = {isa = PBXBuildFile; fileRef = BED1E9BC1C02506000802A15 /* AFHTTPRequestOperation.m */; };
		BED1E9CF1C02506000802A15 /* AFHTTPRequestOperationManager.m in Sources */ = {isa = PBXBuildFile; fileRef = BED1E9BE1C02506000802A15 /* AFHTTPRequestOperationManager.m */; };
		BED1E9D01C02506000802A15 /* AFHTTPSessionManager.m in Sources */ = {isa = PBXBuildFile; fileRef = BED1E9C01C02506000802A15 /* AFHTTPSessionManager.m */; };
		BED1E9D11C02506000802A15 /* AFNetworkReachabilityManager.m in Sources */ = {isa = PBXBuildFile; fileRef = BED1E9C31C02506000802A15 /* AFNetworkReachabilityManager.m */; };
		BED1E9D21C02506000802A15 /* AFSecurityPolicy.m in Sources */ = {isa = PBXBuildFile; fileRef = BED1E9C51C02506000802A15 /* AFSecurityPolicy.m */; };
		BED1E9D31C02506000802A15 /* AFURLConnectionOperation.m in Sources */ = {isa = PBXBuildFile; fileRef = BED1E9C71C02506000802A15 /* AFURLConnectionOperation.m */; };
		BED1E9D41C02506000802A15 /* AFURLRequestSerialization.m in Sources */ = {isa = PBXBuildFile; fileRef = BED1E9C91C02506000802A15 /* AFURLRequestSerialization.m */; };
		BED1E9D51C02506000802A15 /* AFURLResponseSerialization.m in Sources */ = {isa = PBXBuildFile; fileRef = BED1E9CB1C02506000802A15 /* AFURLResponseSerialization.m */; };
		BED1E9D61C02506000802A15 /* AFURLSessionManager.m in Sources */ = {isa = PBXBuildFile; fileRef = BED1E9CD1C02506000802A15 /* AFURLSessionManager.m */; };
/* End PBXBuildFile section */

/* Begin PBXFileReference section */
		6FA4C55F7B9F73EF87AEC50C /* Pods-WordPress TV.debug.xcconfig */ = {isa = PBXFileReference; includeInIndex = 1; lastKnownFileType = text.xcconfig; name = "Pods-WordPress TV.debug.xcconfig"; path = "Pods/Target Support Files/Pods-WordPress TV/Pods-WordPress TV.debug.xcconfig"; sourceTree = "<group>"; };
		79B8536313E253924E0E2D8E /* libPods-WordPress TV.a */ = {isa = PBXFileReference; explicitFileType = archive.ar; includeInIndex = 0; path = "libPods-WordPress TV.a"; sourceTree = BUILT_PRODUCTS_DIR; };
		8305A16B1C022A7A00BD6500 /* WordPress TV.app */ = {isa = PBXFileReference; explicitFileType = wrapper.application; includeInIndex = 0; path = "WordPress TV.app"; sourceTree = BUILT_PRODUCTS_DIR; };
		8305A16F1C022A7A00BD6500 /* main.m */ = {isa = PBXFileReference; lastKnownFileType = sourcecode.c.objc; path = main.m; sourceTree = "<group>"; };
		8305A1711C022A7A00BD6500 /* AppDelegate.h */ = {isa = PBXFileReference; lastKnownFileType = sourcecode.c.h; path = AppDelegate.h; sourceTree = "<group>"; };
		8305A1721C022A7A00BD6500 /* AppDelegate.m */ = {isa = PBXFileReference; lastKnownFileType = sourcecode.c.objc; path = AppDelegate.m; sourceTree = "<group>"; };
		8305A1741C022A7A00BD6500 /* ViewController.h */ = {isa = PBXFileReference; lastKnownFileType = sourcecode.c.h; path = ViewController.h; sourceTree = "<group>"; };
		8305A1751C022A7A00BD6500 /* ViewController.m */ = {isa = PBXFileReference; lastKnownFileType = sourcecode.c.objc; path = ViewController.m; sourceTree = "<group>"; };
		8305A1781C022A7A00BD6500 /* Base */ = {isa = PBXFileReference; lastKnownFileType = file.storyboard; name = Base; path = Base.lproj/Main.storyboard; sourceTree = "<group>"; };
		8305A17C1C022A7A00BD6500 /* Info.plist */ = {isa = PBXFileReference; lastKnownFileType = text.plist.xml; path = Info.plist; sourceTree = "<group>"; };
		8305A1851C022B9000BD6500 /* WTTemplateAmitVC.h */ = {isa = PBXFileReference; fileEncoding = 4; lastKnownFileType = sourcecode.c.h; path = WTTemplateAmitVC.h; sourceTree = "<group>"; };
		8305A1861C022B9000BD6500 /* WTTemplateAmitVC.m */ = {isa = PBXFileReference; fileEncoding = 4; lastKnownFileType = sourcecode.c.objc; path = WTTemplateAmitVC.m; sourceTree = "<group>"; };
		8305A18A1C022BD200BD6500 /* WTTemplateMariaVC.h */ = {isa = PBXFileReference; fileEncoding = 4; lastKnownFileType = sourcecode.c.h; path = WTTemplateMariaVC.h; sourceTree = "<group>"; };
		8305A18B1C022BD200BD6500 /* WTTemplateMariaVC.m */ = {isa = PBXFileReference; fileEncoding = 4; lastKnownFileType = sourcecode.c.objc; path = WTTemplateMariaVC.m; sourceTree = "<group>"; };
		8305A18F1C022BFA00BD6500 /* WTTemplateDane.h */ = {isa = PBXFileReference; fileEncoding = 4; lastKnownFileType = sourcecode.c.h; path = WTTemplateDane.h; sourceTree = "<group>"; };
		8305A1901C022BFA00BD6500 /* WTTemplateDane.m */ = {isa = PBXFileReference; fileEncoding = 4; lastKnownFileType = sourcecode.c.objc; path = WTTemplateDane.m; sourceTree = "<group>"; };
		8305A1921C022C2F00BD6500 /* WTTemplateSophieVC.h */ = {isa = PBXFileReference; fileEncoding = 4; lastKnownFileType = sourcecode.c.h; path = WTTemplateSophieVC.h; sourceTree = "<group>"; };
		8305A1931C022C2F00BD6500 /* WTTemplateSophieVC.m */ = {isa = PBXFileReference; fileEncoding = 4; lastKnownFileType = sourcecode.c.objc; path = WTTemplateSophieVC.m; sourceTree = "<group>"; };
		83963E8F1C0265F000183192 /* NSCache+sharedCache.h */ = {isa = PBXFileReference; fileEncoding = 4; lastKnownFileType = sourcecode.c.h; path = "NSCache+sharedCache.h"; sourceTree = "<group>"; };
		83963E901C0265F000183192 /* NSCache+sharedCache.m */ = {isa = PBXFileReference; fileEncoding = 4; lastKnownFileType = sourcecode.c.objc; path = "NSCache+sharedCache.m"; sourceTree = "<group>"; };
		83963E911C0265F000183192 /* WTTemplateAmit.storyboard */ = {isa = PBXFileReference; fileEncoding = 4; lastKnownFileType = file.storyboard; path = WTTemplateAmit.storyboard; sourceTree = "<group>"; };
		83963E921C0265F000183192 /* WTTemplateDaneTwo.storyboard */ = {isa = PBXFileReference; fileEncoding = 4; lastKnownFileType = file.storyboard; path = WTTemplateDaneTwo.storyboard; sourceTree = "<group>"; };
		83963E961C02660800183192 /* UIImageView+asyncImageLoader.h */ = {isa = PBXFileReference; fileEncoding = 4; lastKnownFileType = sourcecode.c.h; path = "UIImageView+asyncImageLoader.h"; sourceTree = "<group>"; };
		83963E971C02660800183192 /* UIImageView+asyncImageLoader.m */ = {isa = PBXFileReference; fileEncoding = 4; lastKnownFileType = sourcecode.c.objc; path = "UIImageView+asyncImageLoader.m"; sourceTree = "<group>"; };
		83963E9C1C02812500183192 /* Assets.xcassets */ = {isa = PBXFileReference; lastKnownFileType = folder.assetcatalog; path = Assets.xcassets; sourceTree = "<group>"; };
		83963E9E1C02879F00183192 /* food_one.png */ = {isa = PBXFileReference; lastKnownFileType = image.png; path = food_one.png; sourceTree = "<group>"; };
		BD7E3E4799ABD4B751AB371D /* Pods-WordPress TV.release.xcconfig */ = {isa = PBXFileReference; includeInIndex = 1; lastKnownFileType = text.xcconfig; name = "Pods-WordPress TV.release.xcconfig"; path = "Pods/Target Support Files/Pods-WordPress TV/Pods-WordPress TV.release.xcconfig"; sourceTree = "<group>"; };
		BE0F28231C025CB900D59E02 /* WordPressApi.h */ = {isa = PBXFileReference; fileEncoding = 4; lastKnownFileType = sourcecode.c.h; path = WordPressApi.h; sourceTree = "<group>"; };
		BE0F28241C025CB900D59E02 /* WordPressApi.m */ = {isa = PBXFileReference; fileEncoding = 4; lastKnownFileType = sourcecode.c.objc; path = WordPressApi.m; sourceTree = "<group>"; };
		BE0F28251C025CB900D59E02 /* WordPressBaseApi.h */ = {isa = PBXFileReference; fileEncoding = 4; lastKnownFileType = sourcecode.c.h; path = WordPressBaseApi.h; sourceTree = "<group>"; };
		BE0F28261C025CB900D59E02 /* WordPressRestApi.h */ = {isa = PBXFileReference; fileEncoding = 4; lastKnownFileType = sourcecode.c.h; path = WordPressRestApi.h; sourceTree = "<group>"; };
		BE0F28271C025CB900D59E02 /* WordPressRestApi.m */ = {isa = PBXFileReference; fileEncoding = 4; lastKnownFileType = sourcecode.c.objc; path = WordPressRestApi.m; sourceTree = "<group>"; };
		BE0F28281C025CB900D59E02 /* WordPressRestApiJSONRequestOperation.h */ = {isa = PBXFileReference; fileEncoding = 4; lastKnownFileType = sourcecode.c.h; path = WordPressRestApiJSONRequestOperation.h; sourceTree = "<group>"; };
		BE0F28291C025CB900D59E02 /* WordPressRestApiJSONRequestOperation.m */ = {isa = PBXFileReference; fileEncoding = 4; lastKnownFileType = sourcecode.c.objc; path = WordPressRestApiJSONRequestOperation.m; sourceTree = "<group>"; };
		BE0F282A1C025CB900D59E02 /* WordPressRestApiJSONRequestOperationManager.h */ = {isa = PBXFileReference; fileEncoding = 4; lastKnownFileType = sourcecode.c.h; path = WordPressRestApiJSONRequestOperationManager.h; sourceTree = "<group>"; };
		BE0F282B1C025CB900D59E02 /* WordPressRestApiJSONRequestOperationManager.m */ = {isa = PBXFileReference; fileEncoding = 4; lastKnownFileType = sourcecode.c.objc; path = WordPressRestApiJSONRequestOperationManager.m; sourceTree = "<group>"; };
		BE0F282C1C025CB900D59E02 /* WordPressXMLRPCApi.h */ = {isa = PBXFileReference; fileEncoding = 4; lastKnownFileType = sourcecode.c.h; path = WordPressXMLRPCApi.h; sourceTree = "<group>"; };
		BE0F282D1C025CB900D59E02 /* WordPressXMLRPCApi.m */ = {isa = PBXFileReference; fileEncoding = 4; lastKnownFileType = sourcecode.c.objc; path = WordPressXMLRPCApi.m; sourceTree = "<group>"; };
		BE0F28321C025CB900D59E02 /* WPHTTPRequestOperation.h */ = {isa = PBXFileReference; fileEncoding = 4; lastKnownFileType = sourcecode.c.h; path = WPHTTPRequestOperation.h; sourceTree = "<group>"; };
		BE0F28331C025CB900D59E02 /* WPHTTPRequestOperation.m */ = {isa = PBXFileReference; fileEncoding = 4; lastKnownFileType = sourcecode.c.objc; path = WPHTTPRequestOperation.m; sourceTree = "<group>"; };
		BE0F28341C025CB900D59E02 /* WPRSDParser.h */ = {isa = PBXFileReference; fileEncoding = 4; lastKnownFileType = sourcecode.c.h; path = WPRSDParser.h; sourceTree = "<group>"; };
		BE0F28351C025CB900D59E02 /* WPRSDParser.m */ = {isa = PBXFileReference; fileEncoding = 4; lastKnownFileType = sourcecode.c.objc; path = WPRSDParser.m; sourceTree = "<group>"; };
		BE0F28361C025CB900D59E02 /* WPXMLRPCClient.h */ = {isa = PBXFileReference; fileEncoding = 4; lastKnownFileType = sourcecode.c.h; path = WPXMLRPCClient.h; sourceTree = "<group>"; };
		BE0F28371C025CB900D59E02 /* WPXMLRPCClient.m */ = {isa = PBXFileReference; fileEncoding = 4; lastKnownFileType = sourcecode.c.objc; path = WPXMLRPCClient.m; sourceTree = "<group>"; };
		BE0F28381C025CB900D59E02 /* WPXMLRPCRequest.h */ = {isa = PBXFileReference; fileEncoding = 4; lastKnownFileType = sourcecode.c.h; path = WPXMLRPCRequest.h; sourceTree = "<group>"; };
		BE0F28391C025CB900D59E02 /* WPXMLRPCRequest.m */ = {isa = PBXFileReference; fileEncoding = 4; lastKnownFileType = sourcecode.c.objc; path = WPXMLRPCRequest.m; sourceTree = "<group>"; };
		BE0F283A1C025CB900D59E02 /* WPXMLRPCRequestOperation.h */ = {isa = PBXFileReference; fileEncoding = 4; lastKnownFileType = sourcecode.c.h; path = WPXMLRPCRequestOperation.h; sourceTree = "<group>"; };
		BE0F283B1C025CB900D59E02 /* WPXMLRPCRequestOperation.m */ = {isa = PBXFileReference; fileEncoding = 4; lastKnownFileType = sourcecode.c.objc; path = WPXMLRPCRequestOperation.m; sourceTree = "<group>"; };
		BE75B47E1C02582C00DF5340 /* libiconv.tbd */ = {isa = PBXFileReference; lastKnownFileType = "sourcecode.text-based-dylib-definition"; name = libiconv.tbd; path = usr/lib/libiconv.tbd; sourceTree = SDKROOT; };
		BEBB795A1C02516F001E3EB8 /* WPBase64Utils.h */ = {isa = PBXFileReference; fileEncoding = 4; lastKnownFileType = sourcecode.c.h; path = WPBase64Utils.h; sourceTree = "<group>"; };
		BEBB795B1C02516F001E3EB8 /* WPBase64Utils.m */ = {isa = PBXFileReference; fileEncoding = 4; lastKnownFileType = sourcecode.c.objc; path = WPBase64Utils.m; sourceTree = "<group>"; };
		BEBB795C1C02516F001E3EB8 /* WPStringUtils.h */ = {isa = PBXFileReference; fileEncoding = 4; lastKnownFileType = sourcecode.c.h; path = WPStringUtils.h; sourceTree = "<group>"; };
		BEBB795D1C02516F001E3EB8 /* WPStringUtils.m */ = {isa = PBXFileReference; fileEncoding = 4; lastKnownFileType = sourcecode.c.objc; path = WPStringUtils.m; sourceTree = "<group>"; };
		BEBB795E1C02516F001E3EB8 /* WPXMLRPC.h */ = {isa = PBXFileReference; fileEncoding = 4; lastKnownFileType = sourcecode.c.h; path = WPXMLRPC.h; sourceTree = "<group>"; };
		BEBB795F1C02516F001E3EB8 /* WPXMLRPCDataCleaner.h */ = {isa = PBXFileReference; fileEncoding = 4; lastKnownFileType = sourcecode.c.h; path = WPXMLRPCDataCleaner.h; sourceTree = "<group>"; };
		BEBB79601C02516F001E3EB8 /* WPXMLRPCDataCleaner.m */ = {isa = PBXFileReference; fileEncoding = 4; lastKnownFileType = sourcecode.c.objc; path = WPXMLRPCDataCleaner.m; sourceTree = "<group>"; };
		BEBB79611C02516F001E3EB8 /* WPXMLRPCDecoder.h */ = {isa = PBXFileReference; fileEncoding = 4; lastKnownFileType = sourcecode.c.h; path = WPXMLRPCDecoder.h; sourceTree = "<group>"; };
		BEBB79621C02516F001E3EB8 /* WPXMLRPCDecoder.m */ = {isa = PBXFileReference; fileEncoding = 4; lastKnownFileType = sourcecode.c.objc; path = WPXMLRPCDecoder.m; sourceTree = "<group>"; };
		BEBB79631C02516F001E3EB8 /* WPXMLRPCDecoderDelegate.h */ = {isa = PBXFileReference; fileEncoding = 4; lastKnownFileType = sourcecode.c.h; path = WPXMLRPCDecoderDelegate.h; sourceTree = "<group>"; };
		BEBB79641C02516F001E3EB8 /* WPXMLRPCDecoderDelegate.m */ = {isa = PBXFileReference; fileEncoding = 4; lastKnownFileType = sourcecode.c.objc; path = WPXMLRPCDecoderDelegate.m; sourceTree = "<group>"; };
		BEBB79651C02516F001E3EB8 /* WPXMLRPCEncoder.h */ = {isa = PBXFileReference; fileEncoding = 4; lastKnownFileType = sourcecode.c.h; path = WPXMLRPCEncoder.h; sourceTree = "<group>"; };
		BEBB79661C02516F001E3EB8 /* WPXMLRPCEncoder.m */ = {isa = PBXFileReference; fileEncoding = 4; lastKnownFileType = sourcecode.c.objc; path = WPXMLRPCEncoder.m; sourceTree = "<group>"; };
		BEBB796D1C025286001E3EB8 /* wptv.pch */ = {isa = PBXFileReference; fileEncoding = 4; lastKnownFileType = sourcecode.c.h; path = wptv.pch; sourceTree = "<group>"; };
		BED1E9BB1C02506000802A15 /* AFHTTPRequestOperation.h */ = {isa = PBXFileReference; fileEncoding = 4; lastKnownFileType = sourcecode.c.h; path = AFHTTPRequestOperation.h; sourceTree = "<group>"; };
		BED1E9BC1C02506000802A15 /* AFHTTPRequestOperation.m */ = {isa = PBXFileReference; fileEncoding = 4; lastKnownFileType = sourcecode.c.objc; path = AFHTTPRequestOperation.m; sourceTree = "<group>"; };
		BED1E9BD1C02506000802A15 /* AFHTTPRequestOperationManager.h */ = {isa = PBXFileReference; fileEncoding = 4; lastKnownFileType = sourcecode.c.h; path = AFHTTPRequestOperationManager.h; sourceTree = "<group>"; };
		BED1E9BE1C02506000802A15 /* AFHTTPRequestOperationManager.m */ = {isa = PBXFileReference; fileEncoding = 4; lastKnownFileType = sourcecode.c.objc; path = AFHTTPRequestOperationManager.m; sourceTree = "<group>"; };
		BED1E9BF1C02506000802A15 /* AFHTTPSessionManager.h */ = {isa = PBXFileReference; fileEncoding = 4; lastKnownFileType = sourcecode.c.h; path = AFHTTPSessionManager.h; sourceTree = "<group>"; };
		BED1E9C01C02506000802A15 /* AFHTTPSessionManager.m */ = {isa = PBXFileReference; fileEncoding = 4; lastKnownFileType = sourcecode.c.objc; path = AFHTTPSessionManager.m; sourceTree = "<group>"; };
		BED1E9C11C02506000802A15 /* AFNetworking.h */ = {isa = PBXFileReference; fileEncoding = 4; lastKnownFileType = sourcecode.c.h; path = AFNetworking.h; sourceTree = "<group>"; };
		BED1E9C21C02506000802A15 /* AFNetworkReachabilityManager.h */ = {isa = PBXFileReference; fileEncoding = 4; lastKnownFileType = sourcecode.c.h; path = AFNetworkReachabilityManager.h; sourceTree = "<group>"; };
		BED1E9C31C02506000802A15 /* AFNetworkReachabilityManager.m */ = {isa = PBXFileReference; fileEncoding = 4; lastKnownFileType = sourcecode.c.objc; path = AFNetworkReachabilityManager.m; sourceTree = "<group>"; };
		BED1E9C41C02506000802A15 /* AFSecurityPolicy.h */ = {isa = PBXFileReference; fileEncoding = 4; lastKnownFileType = sourcecode.c.h; path = AFSecurityPolicy.h; sourceTree = "<group>"; };
		BED1E9C51C02506000802A15 /* AFSecurityPolicy.m */ = {isa = PBXFileReference; fileEncoding = 4; lastKnownFileType = sourcecode.c.objc; path = AFSecurityPolicy.m; sourceTree = "<group>"; };
		BED1E9C61C02506000802A15 /* AFURLConnectionOperation.h */ = {isa = PBXFileReference; fileEncoding = 4; lastKnownFileType = sourcecode.c.h; path = AFURLConnectionOperation.h; sourceTree = "<group>"; };
		BED1E9C71C02506000802A15 /* AFURLConnectionOperation.m */ = {isa = PBXFileReference; fileEncoding = 4; lastKnownFileType = sourcecode.c.objc; path = AFURLConnectionOperation.m; sourceTree = "<group>"; };
		BED1E9C81C02506000802A15 /* AFURLRequestSerialization.h */ = {isa = PBXFileReference; fileEncoding = 4; lastKnownFileType = sourcecode.c.h; path = AFURLRequestSerialization.h; sourceTree = "<group>"; };
		BED1E9C91C02506000802A15 /* AFURLRequestSerialization.m */ = {isa = PBXFileReference; fileEncoding = 4; lastKnownFileType = sourcecode.c.objc; path = AFURLRequestSerialization.m; sourceTree = "<group>"; };
		BED1E9CA1C02506000802A15 /* AFURLResponseSerialization.h */ = {isa = PBXFileReference; fileEncoding = 4; lastKnownFileType = sourcecode.c.h; path = AFURLResponseSerialization.h; sourceTree = "<group>"; };
		BED1E9CB1C02506000802A15 /* AFURLResponseSerialization.m */ = {isa = PBXFileReference; fileEncoding = 4; lastKnownFileType = sourcecode.c.objc; path = AFURLResponseSerialization.m; sourceTree = "<group>"; };
		BED1E9CC1C02506000802A15 /* AFURLSessionManager.h */ = {isa = PBXFileReference; fileEncoding = 4; lastKnownFileType = sourcecode.c.h; path = AFURLSessionManager.h; sourceTree = "<group>"; };
		BED1E9CD1C02506000802A15 /* AFURLSessionManager.m */ = {isa = PBXFileReference; fileEncoding = 4; lastKnownFileType = sourcecode.c.objc; path = AFURLSessionManager.m; sourceTree = "<group>"; };
		DDEF93149201061705A151CF /* libPods.a */ = {isa = PBXFileReference; explicitFileType = archive.ar; includeInIndex = 0; path = libPods.a; sourceTree = BUILT_PRODUCTS_DIR; };
/* End PBXFileReference section */

/* Begin PBXFrameworksBuildPhase section */
		8305A1681C022A7A00BD6500 /* Frameworks */ = {
			isa = PBXFrameworksBuildPhase;
			buildActionMask = 2147483647;
			files = (
				BE75B47F1C02582C00DF5340 /* libiconv.tbd in Frameworks */,
			);
			runOnlyForDeploymentPostprocessing = 0;
		};
/* End PBXFrameworksBuildPhase section */

/* Begin PBXGroup section */
		213FE3F63372D298A5637105 /* Pods */ = {
			isa = PBXGroup;
			children = (
				6FA4C55F7B9F73EF87AEC50C /* Pods-WordPress TV.debug.xcconfig */,
				BD7E3E4799ABD4B751AB371D /* Pods-WordPress TV.release.xcconfig */,
			);
			name = Pods;
			sourceTree = "<group>";
		};
		645A8607CBCA02773F5F07F9 /* Frameworks */ = {
			isa = PBXGroup;
			children = (
				BE75B47E1C02582C00DF5340 /* libiconv.tbd */,
				DDEF93149201061705A151CF /* libPods.a */,
				79B8536313E253924E0E2D8E /* libPods-WordPress TV.a */,
			);
			name = Frameworks;
			sourceTree = "<group>";
		};
		8305A1621C022A7A00BD6500 = {
			isa = PBXGroup;
			children = (
				BE9017751C02499100DC133D /* APIClient */,
				8305A16D1C022A7A00BD6500 /* WordPress TV */,
				8305A16C1C022A7A00BD6500 /* Products */,
				213FE3F63372D298A5637105 /* Pods */,
				645A8607CBCA02773F5F07F9 /* Frameworks */,
			);
			sourceTree = "<group>";
		};
		8305A16C1C022A7A00BD6500 /* Products */ = {
			isa = PBXGroup;
			children = (
				8305A16B1C022A7A00BD6500 /* WordPress TV.app */,
			);
			name = Products;
			sourceTree = "<group>";
		};
		8305A16D1C022A7A00BD6500 /* WordPress TV */ = {
			isa = PBXGroup;
			children = (
				8305A1711C022A7A00BD6500 /* AppDelegate.h */,
				8305A1721C022A7A00BD6500 /* AppDelegate.m */,
				8305A1741C022A7A00BD6500 /* ViewController.h */,
				8305A1751C022A7A00BD6500 /* ViewController.m */,
				8305A1771C022A7A00BD6500 /* Main.storyboard */,
				8305A1821C022AC200BD6500 /* Template Views */,
				8305A17C1C022A7A00BD6500 /* Info.plist */,
				83963E991C02662200183192 /* Extensions */,
				8305A16E1C022A7A00BD6500 /* Supporting Files */,
			);
			path = "WordPress TV";
			sourceTree = "<group>";
		};
		8305A16E1C022A7A00BD6500 /* Supporting Files */ = {
			isa = PBXGroup;
			children = (
				83963E9C1C02812500183192 /* Assets.xcassets */,
				8305A16F1C022A7A00BD6500 /* main.m */,
				BEBB796D1C025286001E3EB8 /* wptv.pch */,
			);
			name = "Supporting Files";
			sourceTree = "<group>";
		};
		8305A1821C022AC200BD6500 /* Template Views */ = {
			isa = PBXGroup;
			children = (
				83963E911C0265F000183192 /* WTTemplateAmit.storyboard */,
				8305A1851C022B9000BD6500 /* WTTemplateAmitVC.h */,
				8305A1861C022B9000BD6500 /* WTTemplateAmitVC.m */,
				83963E921C0265F000183192 /* WTTemplateDaneTwo.storyboard */,
				83963E9E1C02879F00183192 /* food_one.png */,
				8305A18F1C022BFA00BD6500 /* WTTemplateDane.h */,
				8305A1901C022BFA00BD6500 /* WTTemplateDane.m */,
				8305A18A1C022BD200BD6500 /* WTTemplateMariaVC.h */,
				8305A18B1C022BD200BD6500 /* WTTemplateMariaVC.m */,
				8305A1921C022C2F00BD6500 /* WTTemplateSophieVC.h */,
				8305A1931C022C2F00BD6500 /* WTTemplateSophieVC.m */,
			);
			name = "Template Views";
			sourceTree = "<group>";
		};
		83963E991C02662200183192 /* Extensions */ = {
			isa = PBXGroup;
			children = (
				83963E961C02660800183192 /* UIImageView+asyncImageLoader.h */,
				83963E971C02660800183192 /* UIImageView+asyncImageLoader.m */,
				83963E8F1C0265F000183192 /* NSCache+sharedCache.h */,
				83963E901C0265F000183192 /* NSCache+sharedCache.m */,
			);
			name = Extensions;
			sourceTree = "<group>";
		};
		BE0F28221C025CB900D59E02 /* WordPressApi */ = {
			isa = PBXGroup;
			children = (
				BE0F28231C025CB900D59E02 /* WordPressApi.h */,
				BE0F28241C025CB900D59E02 /* WordPressApi.m */,
				BE0F28251C025CB900D59E02 /* WordPressBaseApi.h */,
				BE0F28261C025CB900D59E02 /* WordPressRestApi.h */,
				BE0F28271C025CB900D59E02 /* WordPressRestApi.m */,
				BE0F28281C025CB900D59E02 /* WordPressRestApiJSONRequestOperation.h */,
				BE0F28291C025CB900D59E02 /* WordPressRestApiJSONRequestOperation.m */,
				BE0F282A1C025CB900D59E02 /* WordPressRestApiJSONRequestOperationManager.h */,
				BE0F282B1C025CB900D59E02 /* WordPressRestApiJSONRequestOperationManager.m */,
				BE0F282C1C025CB900D59E02 /* WordPressXMLRPCApi.h */,
				BE0F282D1C025CB900D59E02 /* WordPressXMLRPCApi.m */,
				BE0F28321C025CB900D59E02 /* WPHTTPRequestOperation.h */,
				BE0F28331C025CB900D59E02 /* WPHTTPRequestOperation.m */,
				BE0F28341C025CB900D59E02 /* WPRSDParser.h */,
				BE0F28351C025CB900D59E02 /* WPRSDParser.m */,
				BE0F28361C025CB900D59E02 /* WPXMLRPCClient.h */,
				BE0F28371C025CB900D59E02 /* WPXMLRPCClient.m */,
				BE0F28381C025CB900D59E02 /* WPXMLRPCRequest.h */,
				BE0F28391C025CB900D59E02 /* WPXMLRPCRequest.m */,
				BE0F283A1C025CB900D59E02 /* WPXMLRPCRequestOperation.h */,
				BE0F283B1C025CB900D59E02 /* WPXMLRPCRequestOperation.m */,
			);
			path = WordPressApi;
			sourceTree = "<group>";
		};
		BE9017751C02499100DC133D /* APIClient */ = {
			isa = PBXGroup;
			children = (
				BE0F28221C025CB900D59E02 /* WordPressApi */,
				BEBB79591C02516F001E3EB8 /* WPXMLRPC */,
				BED1E9BA1C02506000802A15 /* AFNetworking */,
			);
			name = APIClient;
			sourceTree = "<group>";
		};
		BEBB79591C02516F001E3EB8 /* WPXMLRPC */ = {
			isa = PBXGroup;
			children = (
				BEBB795A1C02516F001E3EB8 /* WPBase64Utils.h */,
				BEBB795B1C02516F001E3EB8 /* WPBase64Utils.m */,
				BEBB795C1C02516F001E3EB8 /* WPStringUtils.h */,
				BEBB795D1C02516F001E3EB8 /* WPStringUtils.m */,
				BEBB795E1C02516F001E3EB8 /* WPXMLRPC.h */,
				BEBB795F1C02516F001E3EB8 /* WPXMLRPCDataCleaner.h */,
				BEBB79601C02516F001E3EB8 /* WPXMLRPCDataCleaner.m */,
				BEBB79611C02516F001E3EB8 /* WPXMLRPCDecoder.h */,
				BEBB79621C02516F001E3EB8 /* WPXMLRPCDecoder.m */,
				BEBB79631C02516F001E3EB8 /* WPXMLRPCDecoderDelegate.h */,
				BEBB79641C02516F001E3EB8 /* WPXMLRPCDecoderDelegate.m */,
				BEBB79651C02516F001E3EB8 /* WPXMLRPCEncoder.h */,
				BEBB79661C02516F001E3EB8 /* WPXMLRPCEncoder.m */,
			);
			path = WPXMLRPC;
			sourceTree = "<group>";
		};
		BED1E9BA1C02506000802A15 /* AFNetworking */ = {
			isa = PBXGroup;
			children = (
				BED1E9BB1C02506000802A15 /* AFHTTPRequestOperation.h */,
				BED1E9BC1C02506000802A15 /* AFHTTPRequestOperation.m */,
				BED1E9BD1C02506000802A15 /* AFHTTPRequestOperationManager.h */,
				BED1E9BE1C02506000802A15 /* AFHTTPRequestOperationManager.m */,
				BED1E9BF1C02506000802A15 /* AFHTTPSessionManager.h */,
				BED1E9C01C02506000802A15 /* AFHTTPSessionManager.m */,
				BED1E9C11C02506000802A15 /* AFNetworking.h */,
				BED1E9C21C02506000802A15 /* AFNetworkReachabilityManager.h */,
				BED1E9C31C02506000802A15 /* AFNetworkReachabilityManager.m */,
				BED1E9C41C02506000802A15 /* AFSecurityPolicy.h */,
				BED1E9C51C02506000802A15 /* AFSecurityPolicy.m */,
				BED1E9C61C02506000802A15 /* AFURLConnectionOperation.h */,
				BED1E9C71C02506000802A15 /* AFURLConnectionOperation.m */,
				BED1E9C81C02506000802A15 /* AFURLRequestSerialization.h */,
				BED1E9C91C02506000802A15 /* AFURLRequestSerialization.m */,
				BED1E9CA1C02506000802A15 /* AFURLResponseSerialization.h */,
				BED1E9CB1C02506000802A15 /* AFURLResponseSerialization.m */,
				BED1E9CC1C02506000802A15 /* AFURLSessionManager.h */,
				BED1E9CD1C02506000802A15 /* AFURLSessionManager.m */,
			);
			path = AFNetworking;
			sourceTree = "<group>";
		};
/* End PBXGroup section */

/* Begin PBXNativeTarget section */
		8305A16A1C022A7A00BD6500 /* WordPress TV */ = {
			isa = PBXNativeTarget;
			buildConfigurationList = 8305A17F1C022A7A00BD6500 /* Build configuration list for PBXNativeTarget "WordPress TV" */;
			buildPhases = (
				8305A1671C022A7A00BD6500 /* Sources */,
				8305A1681C022A7A00BD6500 /* Frameworks */,
				8305A1691C022A7A00BD6500 /* Resources */,
			);
			buildRules = (
			);
			dependencies = (
			);
			name = "WordPress TV";
			productName = "WordPress TV";
			productReference = 8305A16B1C022A7A00BD6500 /* WordPress TV.app */;
			productType = "com.apple.product-type.application";
		};
/* End PBXNativeTarget section */

/* Begin PBXProject section */
		8305A1631C022A7A00BD6500 /* Project object */ = {
			isa = PBXProject;
			attributes = {
				LastUpgradeCheck = 0710;
				ORGANIZATIONNAME = WPTV;
				TargetAttributes = {
					8305A16A1C022A7A00BD6500 = {
						CreatedOnToolsVersion = 7.1.1;
						DevelopmentTeam = G8D7H8E252;
					};
				};
			};
			buildConfigurationList = 8305A1661C022A7A00BD6500 /* Build configuration list for PBXProject "WordPress TV" */;
			compatibilityVersion = "Xcode 3.2";
			developmentRegion = English;
			hasScannedForEncodings = 0;
			knownRegions = (
				en,
				Base,
			);
			mainGroup = 8305A1621C022A7A00BD6500;
			productRefGroup = 8305A16C1C022A7A00BD6500 /* Products */;
			projectDirPath = "";
			projectRoot = "";
			targets = (
				8305A16A1C022A7A00BD6500 /* WordPress TV */,
			);
		};
/* End PBXProject section */

/* Begin PBXResourcesBuildPhase section */
		8305A1691C022A7A00BD6500 /* Resources */ = {
			isa = PBXResourcesBuildPhase;
			buildActionMask = 2147483647;
			files = (
				83963E941C0265F000183192 /* WTTemplateAmit.storyboard in Resources */,
				83963E9F1C02879F00183192 /* food_one.png in Resources */,
				8305A1791C022A7A00BD6500 /* Main.storyboard in Resources */,
				83963E9D1C02812500183192 /* Assets.xcassets in Resources */,
				83963E951C0265F000183192 /* WTTemplateDaneTwo.storyboard in Resources */,
			);
			runOnlyForDeploymentPostprocessing = 0;
		};
/* End PBXResourcesBuildPhase section */

/* Begin PBXSourcesBuildPhase section */
		8305A1671C022A7A00BD6500 /* Sources */ = {
			isa = PBXSourcesBuildPhase;
			buildActionMask = 2147483647;
			files = (
				8305A1911C022BFA00BD6500 /* WTTemplateDane.m in Sources */,
				BE0F283E1C025CB900D59E02 /* WordPressRestApiJSONRequestOperation.m in Sources */,
				83963E981C02660800183192 /* UIImageView+asyncImageLoader.m in Sources */,
				BEBB796B1C02516F001E3EB8 /* WPXMLRPCDecoderDelegate.m in Sources */,
				BED1E9D21C02506000802A15 /* AFSecurityPolicy.m in Sources */,
				BED1E9CF1C02506000802A15 /* AFHTTPRequestOperationManager.m in Sources */,
				BE0F28401C025CB900D59E02 /* WordPressXMLRPCApi.m in Sources */,
				BED1E9CE1C02506000802A15 /* AFHTTPRequestOperation.m in Sources */,
				BE0F28451C025CB900D59E02 /* WPXMLRPCClient.m in Sources */,
				BE0F283F1C025CB900D59E02 /* WordPressRestApiJSONRequestOperationManager.m in Sources */,
				8305A1941C022C2F00BD6500 /* WTTemplateSophieVC.m in Sources */,
				BE0F28441C025CB900D59E02 /* WPRSDParser.m in Sources */,
				BE0F283D1C025CB900D59E02 /* WordPressRestApi.m in Sources */,
				8305A1871C022B9000BD6500 /* WTTemplateAmitVC.m in Sources */,
				8305A1761C022A7A00BD6500 /* ViewController.m in Sources */,
				BEBB79671C02516F001E3EB8 /* WPBase64Utils.m in Sources */,
				8305A1731C022A7A00BD6500 /* AppDelegate.m in Sources */,
				BED1E9D01C02506000802A15 /* AFHTTPSessionManager.m in Sources */,
				BEBB796C1C02516F001E3EB8 /* WPXMLRPCEncoder.m in Sources */,
				BEBB796A1C02516F001E3EB8 /* WPXMLRPCDecoder.m in Sources */,
				BED1E9D31C02506000802A15 /* AFURLConnectionOperation.m in Sources */,
				BE0F28461C025CB900D59E02 /* WPXMLRPCRequest.m in Sources */,
				83963E931C0265F000183192 /* NSCache+sharedCache.m in Sources */,
				BED1E9D41C02506000802A15 /* AFURLRequestSerialization.m in Sources */,
				BED1E9D61C02506000802A15 /* AFURLSessionManager.m in Sources */,
				BEBB79681C02516F001E3EB8 /* WPStringUtils.m in Sources */,
				BE0F28471C025CB900D59E02 /* WPXMLRPCRequestOperation.m in Sources */,
				BED1E9D51C02506000802A15 /* AFURLResponseSerialization.m in Sources */,
				BE0F28431C025CB900D59E02 /* WPHTTPRequestOperation.m in Sources */,
				8305A1701C022A7A00BD6500 /* main.m in Sources */,
				BEBB79691C02516F001E3EB8 /* WPXMLRPCDataCleaner.m in Sources */,
				BED1E9D11C02506000802A15 /* AFNetworkReachabilityManager.m in Sources */,
				8305A18C1C022BD200BD6500 /* WTTemplateMariaVC.m in Sources */,
				BE0F283C1C025CB900D59E02 /* WordPressApi.m in Sources */,
			);
			runOnlyForDeploymentPostprocessing = 0;
		};
/* End PBXSourcesBuildPhase section */

/* Begin PBXVariantGroup section */
		8305A1771C022A7A00BD6500 /* Main.storyboard */ = {
			isa = PBXVariantGroup;
			children = (
				8305A1781C022A7A00BD6500 /* Base */,
			);
			name = Main.storyboard;
			sourceTree = "<group>";
		};
/* End PBXVariantGroup section */

/* Begin XCBuildConfiguration section */
		8305A17D1C022A7A00BD6500 /* Debug */ = {
			isa = XCBuildConfiguration;
			buildSettings = {
				ALWAYS_SEARCH_USER_PATHS = NO;
				CLANG_CXX_LANGUAGE_STANDARD = "gnu++0x";
				CLANG_CXX_LIBRARY = "libc++";
				CLANG_ENABLE_MODULES = YES;
				CLANG_ENABLE_OBJC_ARC = YES;
				CLANG_WARN_BOOL_CONVERSION = YES;
				CLANG_WARN_CONSTANT_CONVERSION = YES;
				CLANG_WARN_DIRECT_OBJC_ISA_USAGE = YES_ERROR;
				CLANG_WARN_EMPTY_BODY = YES;
				CLANG_WARN_ENUM_CONVERSION = YES;
				CLANG_WARN_INT_CONVERSION = YES;
				CLANG_WARN_OBJC_ROOT_CLASS = YES_ERROR;
				CLANG_WARN_UNREACHABLE_CODE = YES;
				CLANG_WARN__DUPLICATE_METHOD_MATCH = YES;
				COPY_PHASE_STRIP = NO;
				DEBUG_INFORMATION_FORMAT = dwarf;
				ENABLE_STRICT_OBJC_MSGSEND = YES;
				ENABLE_TESTABILITY = YES;
				GCC_C_LANGUAGE_STANDARD = gnu99;
				GCC_DYNAMIC_NO_PIC = NO;
				GCC_NO_COMMON_BLOCKS = YES;
				GCC_OPTIMIZATION_LEVEL = 0;
				GCC_PREPROCESSOR_DEFINITIONS = (
					"DEBUG=1",
					"$(inherited)",
					"TARGET_OS_IOS=1",
				);
				GCC_WARN_64_TO_32_BIT_CONVERSION = YES;
				GCC_WARN_ABOUT_RETURN_TYPE = YES_ERROR;
				GCC_WARN_UNDECLARED_SELECTOR = YES;
				GCC_WARN_UNINITIALIZED_AUTOS = YES_AGGRESSIVE;
				GCC_WARN_UNUSED_FUNCTION = YES;
				GCC_WARN_UNUSED_VARIABLE = YES;
				MTL_ENABLE_DEBUG_INFO = YES;
				ONLY_ACTIVE_ARCH = YES;
				SDKROOT = appletvos;
				TARGETED_DEVICE_FAMILY = 3;
				TVOS_DEPLOYMENT_TARGET = 9.0;
			};
			name = Debug;
		};
		8305A17E1C022A7A00BD6500 /* Release */ = {
			isa = XCBuildConfiguration;
			buildSettings = {
				ALWAYS_SEARCH_USER_PATHS = NO;
				CLANG_CXX_LANGUAGE_STANDARD = "gnu++0x";
				CLANG_CXX_LIBRARY = "libc++";
				CLANG_ENABLE_MODULES = YES;
				CLANG_ENABLE_OBJC_ARC = YES;
				CLANG_WARN_BOOL_CONVERSION = YES;
				CLANG_WARN_CONSTANT_CONVERSION = YES;
				CLANG_WARN_DIRECT_OBJC_ISA_USAGE = YES_ERROR;
				CLANG_WARN_EMPTY_BODY = YES;
				CLANG_WARN_ENUM_CONVERSION = YES;
				CLANG_WARN_INT_CONVERSION = YES;
				CLANG_WARN_OBJC_ROOT_CLASS = YES_ERROR;
				CLANG_WARN_UNREACHABLE_CODE = YES;
				CLANG_WARN__DUPLICATE_METHOD_MATCH = YES;
				COPY_PHASE_STRIP = NO;
				DEBUG_INFORMATION_FORMAT = "dwarf-with-dsym";
				ENABLE_NS_ASSERTIONS = NO;
				ENABLE_STRICT_OBJC_MSGSEND = YES;
				GCC_C_LANGUAGE_STANDARD = gnu99;
				GCC_NO_COMMON_BLOCKS = YES;
				GCC_PREPROCESSOR_DEFINITIONS = "TARGET_OS_IOS=1";
				GCC_WARN_64_TO_32_BIT_CONVERSION = YES;
				GCC_WARN_ABOUT_RETURN_TYPE = YES_ERROR;
				GCC_WARN_UNDECLARED_SELECTOR = YES;
				GCC_WARN_UNINITIALIZED_AUTOS = YES_AGGRESSIVE;
				GCC_WARN_UNUSED_FUNCTION = YES;
				GCC_WARN_UNUSED_VARIABLE = YES;
				MTL_ENABLE_DEBUG_INFO = NO;
				SDKROOT = appletvos;
				TARGETED_DEVICE_FAMILY = 3;
				TVOS_DEPLOYMENT_TARGET = 9.0;
				VALIDATE_PRODUCT = YES;
			};
			name = Release;
		};
		8305A1801C022A7A00BD6500 /* Debug */ = {
			isa = XCBuildConfiguration;
			buildSettings = {
				ASSETCATALOG_COMPILER_APPICON_NAME = "App Icon & Top Shelf Image";
				ASSETCATALOG_COMPILER_LAUNCHIMAGE_NAME = LaunchImage;
				CODE_SIGN_IDENTITY = "iPhone Developer";
				GCC_PREFIX_HEADER = "WordPress TV/wptv.pch";
				INFOPLIST_FILE = "WordPress TV/Info.plist";
				LD_RUNPATH_SEARCH_PATHS = "$(inherited) @executable_path/Frameworks";
				PRODUCT_BUNDLE_IDENTIFIER = "com.WordPress-TV";
				PRODUCT_NAME = "$(TARGET_NAME)";
			};
			name = Debug;
		};
		8305A1811C022A7A00BD6500 /* Release */ = {
			isa = XCBuildConfiguration;
			buildSettings = {
				ASSETCATALOG_COMPILER_APPICON_NAME = "App Icon & Top Shelf Image";
				ASSETCATALOG_COMPILER_LAUNCHIMAGE_NAME = LaunchImage;
				CODE_SIGN_IDENTITY = "iPhone Developer";
				GCC_PREFIX_HEADER = "WordPress TV/wptv.pch";
				INFOPLIST_FILE = "WordPress TV/Info.plist";
				LD_RUNPATH_SEARCH_PATHS = "$(inherited) @executable_path/Frameworks";
				PRODUCT_BUNDLE_IDENTIFIER = "com.WordPress-TV";
				PRODUCT_NAME = "$(TARGET_NAME)";
			};
			name = Release;
		};
/* End XCBuildConfiguration section */

/* Begin XCConfigurationList section */
		8305A1661C022A7A00BD6500 /* Build configuration list for PBXProject "WordPress TV" */ = {
			isa = XCConfigurationList;
			buildConfigurations = (
				8305A17D1C022A7A00BD6500 /* Debug */,
				8305A17E1C022A7A00BD6500 /* Release */,
			);
			defaultConfigurationIsVisible = 0;
			defaultConfigurationName = Release;
		};
		8305A17F1C022A7A00BD6500 /* Build configuration list for PBXNativeTarget "WordPress TV" */ = {
			isa = XCConfigurationList;
			buildConfigurations = (
				8305A1801C022A7A00BD6500 /* Debug */,
				8305A1811C022A7A00BD6500 /* Release */,
			);
			defaultConfigurationIsVisible = 0;
			defaultConfigurationName = Release;
		};
/* End XCConfigurationList section */
	};
	rootObject = 8305A1631C022A7A00BD6500 /* Project object */;
}
